
Microsoft Visual Studio Solution File, Format Version 12.00
# Visual Studio Version 16
VisualStudioVersion = 16.0.810.8
MinimumVisualStudioVersion = 10.0.40219.1
Project("{FAE04EC0-301F-11D3-BF4B-00C04F79EFBC}") = "MailMe.Backoffice", "MailMe.Backoffice.csproj", "{2D2E4155-FC8D-44EC-A2FF-9D53D2536593}"
EndProject
Global
	GlobalSection(SolutionConfigurationPlatforms) = preSolution
		Debug|Any CPU = Debug|Any CPU
		Release|Any CPU = Release|Any CPU
	EndGlobalSection
	GlobalSection(ProjectConfigurationPlatforms) = postSolution
		{2D2E4155-FC8D-44EC-A2FF-9D53D2536593}.Debug|Any CPU.ActiveCfg = Debug|Any CPU
		{2D2E4155-FC8D-44EC-A2FF-9D53D2536593}.Debug|Any CPU.Build.0 = Debug|Any CPU
		{2D2E4155-FC8D-44EC-A2FF-9D53D2536593}.Release|Any CPU.ActiveCfg = Release|Any CPU
		{2D2E4155-FC8D-44EC-A2FF-9D53D2536593}.Release|Any CPU.Build.0 = Release|Any CPU
	EndGlobalSection
	GlobalSection(SolutionProperties) = preSolution
		HideSolutionNode = FALSE
	EndGlobalSection
	GlobalSection(ExtensibilityGlobals) = postSolution
		SolutionGuid = {7E2B9291-A738-4522-97DC-CC0DA6B365E6}
	EndGlobalSection
EndGlobal
